
Microsoft Visual Studio Solution File, Format Version 12.00
# Visual Studio Version 17
VisualStudioVersion = 17.4.33213.308
MinimumVisualStudioVersion = 10.0.40219.1
Project("{FAE04EC0-301F-11D3-BF4B-00C04F79EFBC}") = "HangmanGame", "HangmanGame.csproj", "{C3F6C6F6-62D1-46B3-A49D-2F0F449098B0}"
EndProject
Global
	GlobalSection(SolutionConfigurationPlatforms) = preSolution
		Debug|Any CPU = Debug|Any CPU
		Release|Any CPU = Release|Any CPU
	EndGlobalSection
	GlobalSection(ProjectConfigurationPlatforms) = postSolution
		{C3F6C6F6-62D1-46B3-A49D-2F0F449098B0}.Debug|Any CPU.ActiveCfg = Debug|Any CPU
		{C3F6C6F6-62D1-46B3-A49D-2F0F449098B0}.Debug|Any CPU.Build.0 = Debug|Any CPU
		{C3F6C6F6-62D1-46B3-A49D-2F0F449098B0}.Release|Any CPU.ActiveCfg = Release|Any CPU
		{C3F6C6F6-62D1-46B3-A49D-2F0F449098B0}.Release|Any CPU.Build.0 = Release|Any CPU
	EndGlobalSection
	GlobalSection(SolutionProperties) = preSolution
		HideSolutionNode = FALSE
	EndGlobalSection
	GlobalSection(ExtensibilityGlobals) = postSolution
		SolutionGuid = {B6F05F21-5193-4E7B-90DB-020CB03BC8B0}
	EndGlobalSection
EndGlobal
